
Microsoft Visual Studio Solution File, Format Version 12.00
# Visual Studio Version 17
VisualStudioVersion = 17.14.36212.18
MinimumVisualStudioVersion = 10.0.40219.1
Project("{FAE04EC0-301F-11D3-BF4B-00C04F79EFBC}") = "Tally.Core", "Tally\Tally.Core.csproj", "{27D3F245-5A61-4924-9E2E-F5C2C6D33BC8}"
EndProject
Project("{FAE04EC0-301F-11D3-BF4B-00C04F79EFBC}") = "Tally.Api", "Tally.Api\Tally.Api.csproj", "{AE124C1C-544E-4D80-9CFA-BBDA78E62486}"
EndProject
Project("{FAE04EC0-301F-11D3-BF4B-00C04F79EFBC}") = "Tally.Data", "Tally.Data\Tally.Data.csproj", "{AAEDC59A-2ECC-4E5F-A738-4D3FA0B95D2C}"
EndProject
Global
	GlobalSection(SolutionConfigurationPlatforms) = preSolution
		Debug|Any CPU = Debug|Any CPU
		Release|Any CPU = Release|Any CPU
	EndGlobalSection
	GlobalSection(ProjectConfigurationPlatforms) = postSolution
		{27D3F245-5A61-4924-9E2E-F5C2C6D33BC8}.Debug|Any CPU.ActiveCfg = Debug|Any CPU
		{27D3F245-5A61-4924-9E2E-F5C2C6D33BC8}.Debug|Any CPU.Build.0 = Debug|Any CPU
		{27D3F245-5A61-4924-9E2E-F5C2C6D33BC8}.Release|Any CPU.ActiveCfg = Release|Any CPU
		{27D3F245-5A61-4924-9E2E-F5C2C6D33BC8}.Release|Any CPU.Build.0 = Release|Any CPU
		{AE124C1C-544E-4D80-9CFA-BBDA78E62486}.Debug|Any CPU.ActiveCfg = Debug|Any CPU
		{AE124C1C-544E-4D80-9CFA-BBDA78E62486}.Debug|Any CPU.Build.0 = Debug|Any CPU
		{AE124C1C-544E-4D80-9CFA-BBDA78E62486}.Release|Any CPU.ActiveCfg = Release|Any CPU
		{AE124C1C-544E-4D80-9CFA-BBDA78E62486}.Release|Any CPU.Build.0 = Release|Any CPU
		{AAEDC59A-2ECC-4E5F-A738-4D3FA0B95D2C}.Debug|Any CPU.ActiveCfg = Debug|Any CPU
		{AAEDC59A-2ECC-4E5F-A738-4D3FA0B95D2C}.Debug|Any CPU.Build.0 = Debug|Any CPU
		{AAEDC59A-2ECC-4E5F-A738-4D3FA0B95D2C}.Release|Any CPU.ActiveCfg = Release|Any CPU
		{AAEDC59A-2ECC-4E5F-A738-4D3FA0B95D2C}.Release|Any CPU.Build.0 = Release|Any CPU
	EndGlobalSection
	GlobalSection(SolutionProperties) = preSolution
		HideSolutionNode = FALSE
	EndGlobalSection
	GlobalSection(ExtensibilityGlobals) = postSolution
		SolutionGuid = {EDDD9E65-D8D4-495E-93B8-3954B055794A}
	EndGlobalSection
EndGlobal
