
Microsoft Visual Studio Solution File, Format Version 12.00
# Visual Studio Version 17
VisualStudioVersion = 17.10.35122.118
MinimumVisualStudioVersion = 10.0.40219.1
Project("{FAE04EC0-301F-11D3-BF4B-00C04F79EFBC}") = "Tally", "Tally\Tally.csproj", "{4700CA47-5EA2-4B7D-B640-204A90BC0E12}"
EndProject
Global
	GlobalSection(SolutionConfigurationPlatforms) = preSolution
		Debug|Any CPU = Debug|Any CPU
		Release|Any CPU = Release|Any CPU
	EndGlobalSection
	GlobalSection(ProjectConfigurationPlatforms) = postSolution
		{4700CA47-5EA2-4B7D-B640-204A90BC0E12}.Debug|Any CPU.ActiveCfg = Debug|Any CPU
		{4700CA47-5EA2-4B7D-B640-204A90BC0E12}.Debug|Any CPU.Build.0 = Debug|Any CPU
		{4700CA47-5EA2-4B7D-B640-204A90BC0E12}.Release|Any CPU.ActiveCfg = Release|Any CPU
		{4700CA47-5EA2-4B7D-B640-204A90BC0E12}.Release|Any CPU.Build.0 = Release|Any CPU
	EndGlobalSection
	GlobalSection(SolutionProperties) = preSolution
		HideSolutionNode = FALSE
	EndGlobalSection
	GlobalSection(ExtensibilityGlobals) = postSolution
		SolutionGuid = {EEC4C2FE-3D74-40C2-A0B9-029DEEAE67F7}
	EndGlobalSection
EndGlobal
